<?xml version="1.0" encoding="utf-8"?>
<Project ToolsVersion="4.0" xmlns="http://schemas.microsoft.com/developer/msbuild/2003">
  <ItemGroup>
    <Filter Include="Source Files">
      <UniqueIdentifier>{4FC737F1-C7A5-4376-A066-2A32D752A2FF}</UniqueIdentifier>
      <Extensions>cpp;cxx;c;def</Extensions>
    </Filter>
    <Filter Include="Header Files">
      <UniqueIdentifier>{93995380-89BD-4b04-88EB-625FBE52EBFB}</UniqueIdentifier>
      <Extensions>h</Extensions>
    </Filter>
    <Filter Include="Form Files">
      <UniqueIdentifier>{99349809-55BA-4b9d-BF79-8FDBB0286EB3}</UniqueIdentifier>
      <Extensions>ui</Extensions>
    </Filter>
    <Filter Include="Resource Files">
      <UniqueIdentifier>{D9D6E242-F8AF-46E4-B9FD-80ECBC20BA3E}</UniqueIdentifier>
      <Extensions>qrc;*</Extensions>
      <ParseFiles>false</ParseFiles>
    </Filter>
    <Filter Include="Generated Files">
      <UniqueIdentifier>{71ED8ED8-ACB9-4CE9-BBE1-E00B30144E11}</UniqueIdentifier>
      <Extensions>moc;h;cpp</Extensions>
      <SourceControlFiles>False</SourceControlFiles>
    </Filter>
  </ItemGroup>
  <ItemGroup>
    <ClInclude Include="Headers\commonlibrary_global.h">
      <Filter>Header Files</Filter>
    </ClInclude>
    <ClInclude Include="Headers\clearing.h">
      <Filter>Header Files</Filter>
    </ClInclude>
    <ClInclude Include="Headers\tile.h">
      <Filter>Header Files</Filter>
    </ClInclude>
    <ClInclude Include="Headers\board.h">
      <Filter>Header Files</Filter>
    </ClInclude>
    <ClInclude Include="Headers\shared.h">
      <Filter>Header Files</Filter>
    </ClInclude>
    <ClInclude Include="Headers\path.h">
      <Filter>Header Files</Filter>
    </ClInclude>
    <ClInclude Include="Headers\equipment.h">
      <Filter>Header Files</Filter>
    </ClInclude>
    <ClInclude Include="Headers\character.h">
      <Filter>Header Files</Filter>
    </ClInclude>
    <ClInclude Include="Headers\weapon.h">
      <Filter>Header Files</Filter>
    </ClInclude>
    <ClInclude Include="Headers\armor.h">
      <Filter>Header Files</Filter>
    </ClInclude>
    <ClInclude Include="Headers\recordedTurn.h">
      <Filter>Header Files</Filter>
    </ClInclude>
    <ClInclude Include="Headers\action.h">
      <Filter>Header Files</Filter>
    </ClInclude>
    <ClInclude Include="Headers\serializer.h">
      <Filter>Header Files</Filter>
    </ClInclude>
    <ClInclude Include="Headers\game.h">
      <Filter>Header Files</Filter>
    </ClInclude>
    <ClInclude Include="Headers\dwelling.h">
      <Filter>Header Files</Filter>
    </ClInclude>
    <ClInclude Include="Headers\site.h">
      <Filter>Header Files</Filter>
    </ClInclude>
    <ClInclude Include="Headers\warning.h">
      <Filter>Header Files</Filter>
    </ClInclude>
    <ClInclude Include="Headers\sound.h">
      <Filter>Header Files</Filter>
    </ClInclude>
    <ClInclude Include="Headers\chit.h">
      <Filter>Header Files</Filter>
    </ClInclude>
    <ClInclude Include="Headers\treasure.h">
      <Filter>Header Files</Filter>
    </ClInclude>
    <ClInclude Include="Headers\lost.h">
      <Filter>Header Files</Filter>
    </ClInclude>
    <ClInclude Include="Headers\monster.h">
      <Filter>Header Files</Filter>
    </ClInclude>
  </ItemGroup>
  <ItemGroup>
    <ClCompile Include="Source\tile.cpp">
      <Filter>Source Files</Filter>
    </ClCompile>
    <ClCompile Include="Source\clearing.cpp">
      <Filter>Source Files</Filter>
    </ClCompile>
    <ClCompile Include="Source\board.cpp">
      <Filter>Source Files</Filter>
    </ClCompile>
    <ClCompile Include="Source\path.cpp">
      <Filter>Source Files</Filter>
    </ClCompile>
    <ClCompile Include="Source\character.cpp">
      <Filter>Source Files</Filter>
    </ClCompile>
    <ClCompile Include="Source\weapon.cpp">
      <Filter>Source Files</Filter>
    </ClCompile>
    <ClCompile Include="Source\armor.cpp">
      <Filter>Source Files</Filter>
    </ClCompile>
    <ClCompile Include="Source\equipment.cpp">
      <Filter>Source Files</Filter>
    </ClCompile>
    <ClCompile Include="Source\action.cpp">
      <Filter>Source Files</Filter>
    </ClCompile>
    <ClCompile Include="Source\recordedTurn.cpp">
      <Filter>Source Files</Filter>
    </ClCompile>
    <ClCompile Include="Source\game.cpp">
      <Filter>Source Files</Filter>
    </ClCompile>
    <ClCompile Include="Source\dwelling.cpp">
      <Filter>Source Files</Filter>
    </ClCompile>
    <ClCompile Include="Source\sound.cpp">
      <Filter>Source Files</Filter>
    </ClCompile>
    <ClCompile Include="Source\chit.cpp">
      <Filter>Source Files</Filter>
    </ClCompile>
    <ClCompile Include="Source\site.cpp">
      <Filter>Source Files</Filter>
    </ClCompile>
    <ClCompile Include="Source\warning.cpp">
      <Filter>Source Files</Filter>
    </ClCompile>
    <ClCompile Include="Source\treasure.cpp">
      <Filter>Source Files</Filter>
    </ClCompile>
    <ClCompile Include="Source\lost.cpp">
      <Filter>Source Files</Filter>
    </ClCompile>
    <ClCompile Include="Source\monster.cpp">
      <Filter>Source Files</Filter>
    </ClCompile>
  </ItemGroup>
</Project>